
Microsoft Visual Studio Solution File, Format Version 12.00
# Visual Studio Version 16
VisualStudioVersion = 16.0.29613.14
MinimumVisualStudioVersion = 10.0.40219.1
Project("{8BC9CEB8-8B4A-11D0-8D11-00A0C91BC942}") = "arcsoft-face-dynamic-library", "arcsoft-face-dynamic-library\arcsoft-face-dynamic-library.vcxproj", "{2A85453D-1F55-4043-B123-B43719AFD336}"
EndProject
Project("{8BC9CEB8-8B4A-11D0-8D11-00A0C91BC942}") = "arcsoft-face-static-library", "arcsoft-face-static-library\arcsoft-face-static-library.vcxproj", "{9B071828-5761-4B35-8FB6-47F85FE5E33C}"
EndProject
Project("{8BC9CEB8-8B4A-11D0-8D11-00A0C91BC942}") = "arcsoft-face-demo", "arcsoft-face-demo\arcsoft-face-demo.vcxproj", "{6F859F7C-11CB-44A8-8AD8-47A1879D8C62}"
EndProject
Global
	GlobalSection(SolutionConfigurationPlatforms) = preSolution
		Debug|x64 = Debug|x64
		Debug|x86 = Debug|x86
		Release|x64 = Release|x64
		Release|x86 = Release|x86
	EndGlobalSection
	GlobalSection(ProjectConfigurationPlatforms) = postSolution
		{2A85453D-1F55-4043-B123-B43719AFD336}.Debug|x64.ActiveCfg = Debug|x64
		{2A85453D-1F55-4043-B123-B43719AFD336}.Debug|x64.Build.0 = Debug|x64
		{2A85453D-1F55-4043-B123-B43719AFD336}.Debug|x86.ActiveCfg = Debug|Win32
		{2A85453D-1F55-4043-B123-B43719AFD336}.Debug|x86.Build.0 = Debug|Win32
		{2A85453D-1F55-4043-B123-B43719AFD336}.Release|x64.ActiveCfg = Release|x64
		{2A85453D-1F55-4043-B123-B43719AFD336}.Release|x64.Build.0 = Release|x64
		{2A85453D-1F55-4043-B123-B43719AFD336}.Release|x86.ActiveCfg = Release|Win32
		{2A85453D-1F55-4043-B123-B43719AFD336}.Release|x86.Build.0 = Release|Win32
		{9B071828-5761-4B35-8FB6-47F85FE5E33C}.Debug|x64.ActiveCfg = Debug|x64
		{9B071828-5761-4B35-8FB6-47F85FE5E33C}.Debug|x64.Build.0 = Debug|x64
		{9B071828-5761-4B35-8FB6-47F85FE5E33C}.Debug|x86.ActiveCfg = Debug|Win32
		{9B071828-5761-4B35-8FB6-47F85FE5E33C}.Debug|x86.Build.0 = Debug|Win32
		{9B071828-5761-4B35-8FB6-47F85FE5E33C}.Release|x64.ActiveCfg = Release|x64
		{9B071828-5761-4B35-8FB6-47F85FE5E33C}.Release|x64.Build.0 = Release|x64
		{9B071828-5761-4B35-8FB6-47F85FE5E33C}.Release|x86.ActiveCfg = Release|Win32
		{9B071828-5761-4B35-8FB6-47F85FE5E33C}.Release|x86.Build.0 = Release|Win32
		{6F859F7C-11CB-44A8-8AD8-47A1879D8C62}.Debug|x64.ActiveCfg = Debug|x64
		{6F859F7C-11CB-44A8-8AD8-47A1879D8C62}.Debug|x64.Build.0 = Debug|x64
		{6F859F7C-11CB-44A8-8AD8-47A1879D8C62}.Debug|x86.ActiveCfg = Debug|Win32
		{6F859F7C-11CB-44A8-8AD8-47A1879D8C62}.Debug|x86.Build.0 = Debug|Win32
		{6F859F7C-11CB-44A8-8AD8-47A1879D8C62}.Release|x64.ActiveCfg = Release|x64
		{6F859F7C-11CB-44A8-8AD8-47A1879D8C62}.Release|x64.Build.0 = Release|x64
		{6F859F7C-11CB-44A8-8AD8-47A1879D8C62}.Release|x86.ActiveCfg = Release|Win32
		{6F859F7C-11CB-44A8-8AD8-47A1879D8C62}.Release|x86.Build.0 = Release|Win32
	EndGlobalSection
	GlobalSection(SolutionProperties) = preSolution
		HideSolutionNode = FALSE
	EndGlobalSection
	GlobalSection(ExtensibilityGlobals) = postSolution
		SolutionGuid = {9C894CFF-E6D0-4C37-BBBF-1E6CFDB50D0F}
	EndGlobalSection
EndGlobal
